
Microsoft Visual Studio Solution File, Format Version 12.00
# Visual Studio Express 2013 for Windows Desktop
VisualStudioVersion = 12.0.21005.1
MinimumVisualStudioVersion = 10.0.40219.1
Project("{2150E333-8FDC-42A3-9474-1A3956D46DE8}") = "Solution Items", "Solution Items", "{57689E0E-FA82-4263-BE48-F824AEF0C940}"
	ProjectSection(SolutionItems) = preProject
		AssemblyInfoCommon.cs = AssemblyInfoCommon.cs
		CHANGELOG.txt = CHANGELOG.txt
		LICENSE.txt = LICENSE.txt
		README.rtf = README.rtf
		README.txt = README.txt
		Sudo for Windows.url = Sudo for Windows.url
		sudowin.snk = sudowin.snk
	EndProjectSection
	ProjectSection(WebsiteProperties) = preProject
		Debug.AspNetCompiler.Debug = "True"
		Release.AspNetCompiler.Debug = "False"
	EndProjectSection
EndProject
Project("{FAE04EC0-301F-11D3-BF4B-00C04F79EFBC}") = "Common", "Common\Common.csproj", "{81E98C70-C681-4DD4-B6B1-154E12567B9C}"
	ProjectSection(WebsiteProperties) = preProject
		Debug.AspNetCompiler.Debug = "True"
		Release.AspNetCompiler.Debug = "False"
	EndProjectSection
EndProject
Project("{FAE04EC0-301F-11D3-BF4B-00C04F79EFBC}") = "CallbackApplication", "CallbackApplication\CallbackApplication.csproj", "{E8BC324F-6B4B-4608-976B-4CACCAB017D9}"
	ProjectSection(WebsiteProperties) = preProject
		Debug.AspNetCompiler.Debug = "True"
		Release.AspNetCompiler.Debug = "False"
	EndProjectSection
EndProject
Project("{FAE04EC0-301F-11D3-BF4B-00C04F79EFBC}") = "Plugins.Authorization", "Plugins.Authorization\Plugins.Authorization.csproj", "{7937C406-0E88-4E48-AA1F-964E8FB8C1AD}"
	ProjectSection(WebsiteProperties) = preProject
		Debug.AspNetCompiler.Debug = "True"
		Release.AspNetCompiler.Debug = "False"
	EndProjectSection
EndProject
Project("{FAE04EC0-301F-11D3-BF4B-00C04F79EFBC}") = "Plugins.Authorization.Xml", "Plugins.Authorization.Xml\Plugins.Authorization.Xml.csproj", "{3F717A4C-D43E-4520-82AA-417497FDE2B7}"
	ProjectSection(WebsiteProperties) = preProject
		Debug.AspNetCompiler.Debug = "True"
		Release.AspNetCompiler.Debug = "False"
	EndProjectSection
EndProject
Project("{FAE04EC0-301F-11D3-BF4B-00C04F79EFBC}") = "Clients.Console", "Clients.Console\Clients.Console.csproj", "{5CA0F5B5-797A-4CA5-A644-31A7CEE42614}"
	ProjectSection(WebsiteProperties) = preProject
		Debug.AspNetCompiler.Debug = "True"
		Release.AspNetCompiler.Debug = "False"
	EndProjectSection
EndProject
Project("{FAE04EC0-301F-11D3-BF4B-00C04F79EFBC}") = "Clients.Gui", "Clients.Gui\Clients.Gui.csproj", "{34C0CA52-574C-4421-B96C-C99A7715679B}"
	ProjectSection(WebsiteProperties) = preProject
		Debug.AspNetCompiler.Debug = "True"
		Release.AspNetCompiler.Debug = "False"
	EndProjectSection
EndProject
Project("{FAE04EC0-301F-11D3-BF4B-00C04F79EFBC}") = "Plugins.Authentication", "Plugins.Authentication\Plugins.Authentication.csproj", "{5180BFF2-FADD-49CC-B0F3-E7EF1A7F9CCA}"
	ProjectSection(WebsiteProperties) = preProject
		Debug.AspNetCompiler.Debug = "True"
		Release.AspNetCompiler.Debug = "False"
	EndProjectSection
EndProject
Project("{FAE04EC0-301F-11D3-BF4B-00C04F79EFBC}") = "Plugins.Authentication.NT", "Plugins.Authentication.NT\Plugins.Authentication.NT.csproj", "{A92EF75C-1853-4500-AEBC-2770DA2478CA}"
	ProjectSection(WebsiteProperties) = preProject
		Debug.AspNetCompiler.Debug = "True"
		Release.AspNetCompiler.Debug = "False"
	EndProjectSection
EndProject
Project("{FAE04EC0-301F-11D3-BF4B-00C04F79EFBC}") = "Server", "Server\Server.csproj", "{F6890706-60DE-4FD5-834D-F4313CAAEBB1}"
	ProjectSection(ProjectDependencies) = postProject
		{3F717A4C-D43E-4520-82AA-417497FDE2B7} = {3F717A4C-D43E-4520-82AA-417497FDE2B7}
		{A92EF75C-1853-4500-AEBC-2770DA2478CA} = {A92EF75C-1853-4500-AEBC-2770DA2478CA}
	EndProjectSection
	ProjectSection(WebsiteProperties) = preProject
		Debug.AspNetCompiler.Debug = "True"
		Release.AspNetCompiler.Debug = "False"
	EndProjectSection
EndProject
Project("{FAE04EC0-301F-11D3-BF4B-00C04F79EFBC}") = "Plugins", "Plugins\Plugins.csproj", "{E5CBBCD1-A264-427E-9A5D-261E1AA06F49}"
	ProjectSection(WebsiteProperties) = preProject
		Debug.AspNetCompiler.Debug = "True"
		Release.AspNetCompiler.Debug = "False"
	EndProjectSection
EndProject
Project("{54435603-DBB4-11D2-8724-00A0C9A8B90C}") = "Setup", "Setup\Setup.vdproj", "{94381724-9D98-4F4B-B69E-BAC4BAA66999}"
	ProjectSection(WebsiteProperties) = preProject
		Debug.AspNetCompiler.Debug = "True"
		Release.AspNetCompiler.Debug = "False"
	EndProjectSection
EndProject
Project("{FAE04EC0-301F-11D3-BF4B-00C04F79EFBC}") = "Setup.CustomActions", "Setup.CustomActions\Setup.CustomActions.csproj", "{82E5CCD5-7C49-48FD-997C-DF045D6E6A21}"
	ProjectSection(WebsiteProperties) = preProject
		Debug.AspNetCompiler.Debug = "True"
		Release.AspNetCompiler.Debug = "False"
	EndProjectSection
EndProject
Global
	GlobalSection(SolutionConfigurationPlatforms) = preSolution
		Debug|.NET = Debug|.NET
		Debug|Any CPU = Debug|Any CPU
		Debug|Mixed Platforms = Debug|Mixed Platforms
		Release|.NET = Release|.NET
		Release|Any CPU = Release|Any CPU
		Release|Mixed Platforms = Release|Mixed Platforms
	EndGlobalSection
	GlobalSection(ProjectConfigurationPlatforms) = postSolution
		{81E98C70-C681-4DD4-B6B1-154E12567B9C}.Debug|.NET.ActiveCfg = Debug|Any CPU
		{81E98C70-C681-4DD4-B6B1-154E12567B9C}.Debug|Any CPU.ActiveCfg = Debug|Any CPU
		{81E98C70-C681-4DD4-B6B1-154E12567B9C}.Debug|Any CPU.Build.0 = Debug|Any CPU
		{81E98C70-C681-4DD4-B6B1-154E12567B9C}.Debug|Mixed Platforms.ActiveCfg = Debug|Any CPU
		{81E98C70-C681-4DD4-B6B1-154E12567B9C}.Debug|Mixed Platforms.Build.0 = Debug|Any CPU
		{81E98C70-C681-4DD4-B6B1-154E12567B9C}.Release|.NET.ActiveCfg = Release|Any CPU
		{81E98C70-C681-4DD4-B6B1-154E12567B9C}.Release|Any CPU.ActiveCfg = Release|Any CPU
		{81E98C70-C681-4DD4-B6B1-154E12567B9C}.Release|Any CPU.Build.0 = Release|Any CPU
		{81E98C70-C681-4DD4-B6B1-154E12567B9C}.Release|Mixed Platforms.ActiveCfg = Release|Any CPU
		{81E98C70-C681-4DD4-B6B1-154E12567B9C}.Release|Mixed Platforms.Build.0 = Release|Any CPU
		{E8BC324F-6B4B-4608-976B-4CACCAB017D9}.Debug|.NET.ActiveCfg = Debug|Any CPU
		{E8BC324F-6B4B-4608-976B-4CACCAB017D9}.Debug|Any CPU.ActiveCfg = Debug|Any CPU
		{E8BC324F-6B4B-4608-976B-4CACCAB017D9}.Debug|Any CPU.Build.0 = Debug|Any CPU
		{E8BC324F-6B4B-4608-976B-4CACCAB017D9}.Debug|Mixed Platforms.ActiveCfg = Debug|Any CPU
		{E8BC324F-6B4B-4608-976B-4CACCAB017D9}.Debug|Mixed Platforms.Build.0 = Debug|Any CPU
		{E8BC324F-6B4B-4608-976B-4CACCAB017D9}.Release|.NET.ActiveCfg = Release|Any CPU
		{E8BC324F-6B4B-4608-976B-4CACCAB017D9}.Release|Any CPU.ActiveCfg = Release|Any CPU
		{E8BC324F-6B4B-4608-976B-4CACCAB017D9}.Release|Any CPU.Build.0 = Release|Any CPU
		{E8BC324F-6B4B-4608-976B-4CACCAB017D9}.Release|Mixed Platforms.ActiveCfg = Release|Any CPU
		{E8BC324F-6B4B-4608-976B-4CACCAB017D9}.Release|Mixed Platforms.Build.0 = Release|Any CPU
		{7937C406-0E88-4E48-AA1F-964E8FB8C1AD}.Debug|.NET.ActiveCfg = Debug|Any CPU
		{7937C406-0E88-4E48-AA1F-964E8FB8C1AD}.Debug|Any CPU.ActiveCfg = Debug|Any CPU
		{7937C406-0E88-4E48-AA1F-964E8FB8C1AD}.Debug|Any CPU.Build.0 = Debug|Any CPU
		{7937C406-0E88-4E48-AA1F-964E8FB8C1AD}.Debug|Mixed Platforms.ActiveCfg = Debug|Any CPU
		{7937C406-0E88-4E48-AA1F-964E8FB8C1AD}.Debug|Mixed Platforms.Build.0 = Debug|Any CPU
		{7937C406-0E88-4E48-AA1F-964E8FB8C1AD}.Release|.NET.ActiveCfg = Release|Any CPU
		{7937C406-0E88-4E48-AA1F-964E8FB8C1AD}.Release|Any CPU.ActiveCfg = Release|Any CPU
		{7937C406-0E88-4E48-AA1F-964E8FB8C1AD}.Release|Any CPU.Build.0 = Release|Any CPU
		{7937C406-0E88-4E48-AA1F-964E8FB8C1AD}.Release|Mixed Platforms.ActiveCfg = Release|Any CPU
		{7937C406-0E88-4E48-AA1F-964E8FB8C1AD}.Release|Mixed Platforms.Build.0 = Release|Any CPU
		{3F717A4C-D43E-4520-82AA-417497FDE2B7}.Debug|.NET.ActiveCfg = Debug|Any CPU
		{3F717A4C-D43E-4520-82AA-417497FDE2B7}.Debug|Any CPU.ActiveCfg = Debug|Any CPU
		{3F717A4C-D43E-4520-82AA-417497FDE2B7}.Debug|Any CPU.Build.0 = Debug|Any CPU
		{3F717A4C-D43E-4520-82AA-417497FDE2B7}.Debug|Mixed Platforms.ActiveCfg = Debug|Any CPU
		{3F717A4C-D43E-4520-82AA-417497FDE2B7}.Debug|Mixed Platforms.Build.0 = Debug|Any CPU
		{3F717A4C-D43E-4520-82AA-417497FDE2B7}.Release|.NET.ActiveCfg = Release|Any CPU
		{3F717A4C-D43E-4520-82AA-417497FDE2B7}.Release|Any CPU.ActiveCfg = Release|Any CPU
		{3F717A4C-D43E-4520-82AA-417497FDE2B7}.Release|Any CPU.Build.0 = Release|Any CPU
		{3F717A4C-D43E-4520-82AA-417497FDE2B7}.Release|Mixed Platforms.ActiveCfg = Release|Any CPU
		{3F717A4C-D43E-4520-82AA-417497FDE2B7}.Release|Mixed Platforms.Build.0 = Release|Any CPU
		{5CA0F5B5-797A-4CA5-A644-31A7CEE42614}.Debug|.NET.ActiveCfg = Debug|Any CPU
		{5CA0F5B5-797A-4CA5-A644-31A7CEE42614}.Debug|Any CPU.ActiveCfg = Debug|Any CPU
		{5CA0F5B5-797A-4CA5-A644-31A7CEE42614}.Debug|Any CPU.Build.0 = Debug|Any CPU
		{5CA0F5B5-797A-4CA5-A644-31A7CEE42614}.Debug|Mixed Platforms.ActiveCfg = Debug|Any CPU
		{5CA0F5B5-797A-4CA5-A644-31A7CEE42614}.Debug|Mixed Platforms.Build.0 = Debug|Any CPU
		{5CA0F5B5-797A-4CA5-A644-31A7CEE42614}.Release|.NET.ActiveCfg = Release|Any CPU
		{5CA0F5B5-797A-4CA5-A644-31A7CEE42614}.Release|Any CPU.ActiveCfg = Release|Any CPU
		{5CA0F5B5-797A-4CA5-A644-31A7CEE42614}.Release|Any CPU.Build.0 = Release|Any CPU
		{5CA0F5B5-797A-4CA5-A644-31A7CEE42614}.Release|Mixed Platforms.ActiveCfg = Release|Any CPU
		{5CA0F5B5-797A-4CA5-A644-31A7CEE42614}.Release|Mixed Platforms.Build.0 = Release|Any CPU
		{34C0CA52-574C-4421-B96C-C99A7715679B}.Debug|.NET.ActiveCfg = Debug|Any CPU
		{34C0CA52-574C-4421-B96C-C99A7715679B}.Debug|Any CPU.ActiveCfg = Debug|Any CPU
		{34C0CA52-574C-4421-B96C-C99A7715679B}.Debug|Any CPU.Build.0 = Debug|Any CPU
		{34C0CA52-574C-4421-B96C-C99A7715679B}.Debug|Mixed Platforms.ActiveCfg = Debug|Any CPU
		{34C0CA52-574C-4421-B96C-C99A7715679B}.Debug|Mixed Platforms.Build.0 = Debug|Any CPU
		{34C0CA52-574C-4421-B96C-C99A7715679B}.Release|.NET.ActiveCfg = Release|Any CPU
		{34C0CA52-574C-4421-B96C-C99A7715679B}.Release|Any CPU.ActiveCfg = Release|Any CPU
		{34C0CA52-574C-4421-B96C-C99A7715679B}.Release|Any CPU.Build.0 = Release|Any CPU
		{34C0CA52-574C-4421-B96C-C99A7715679B}.Release|Mixed Platforms.ActiveCfg = Release|Any CPU
		{34C0CA52-574C-4421-B96C-C99A7715679B}.Release|Mixed Platforms.Build.0 = Release|Any CPU
		{5180BFF2-FADD-49CC-B0F3-E7EF1A7F9CCA}.Debug|.NET.ActiveCfg = Debug|Any CPU
		{5180BFF2-FADD-49CC-B0F3-E7EF1A7F9CCA}.Debug|Any CPU.ActiveCfg = Debug|Any CPU
		{5180BFF2-FADD-49CC-B0F3-E7EF1A7F9CCA}.Debug|Any CPU.Build.0 = Debug|Any CPU
		{5180BFF2-FADD-49CC-B0F3-E7EF1A7F9CCA}.Debug|Mixed Platforms.ActiveCfg = Debug|Any CPU
		{5180BFF2-FADD-49CC-B0F3-E7EF1A7F9CCA}.Debug|Mixed Platforms.Build.0 = Debug|Any CPU
		{5180BFF2-FADD-49CC-B0F3-E7EF1A7F9CCA}.Release|.NET.ActiveCfg = Release|Any CPU
		{5180BFF2-FADD-49CC-B0F3-E7EF1A7F9CCA}.Release|Any CPU.ActiveCfg = Release|Any CPU
		{5180BFF2-FADD-49CC-B0F3-E7EF1A7F9CCA}.Release|Any CPU.Build.0 = Release|Any CPU
		{5180BFF2-FADD-49CC-B0F3-E7EF1A7F9CCA}.Release|Mixed Platforms.ActiveCfg = Release|Any CPU
		{5180BFF2-FADD-49CC-B0F3-E7EF1A7F9CCA}.Release|Mixed Platforms.Build.0 = Release|Any CPU
		{A92EF75C-1853-4500-AEBC-2770DA2478CA}.Debug|.NET.ActiveCfg = Debug|Any CPU
		{A92EF75C-1853-4500-AEBC-2770DA2478CA}.Debug|Any CPU.ActiveCfg = Debug|Any CPU
		{A92EF75C-1853-4500-AEBC-2770DA2478CA}.Debug|Any CPU.Build.0 = Debug|Any CPU
		{A92EF75C-1853-4500-AEBC-2770DA2478CA}.Debug|Mixed Platforms.ActiveCfg = Debug|Any CPU
		{A92EF75C-1853-4500-AEBC-2770DA2478CA}.Debug|Mixed Platforms.Build.0 = Debug|Any CPU
		{A92EF75C-1853-4500-AEBC-2770DA2478CA}.Release|.NET.ActiveCfg = Release|Any CPU
		{A92EF75C-1853-4500-AEBC-2770DA2478CA}.Release|Any CPU.ActiveCfg = Release|Any CPU
		{A92EF75C-1853-4500-AEBC-2770DA2478CA}.Release|Any CPU.Build.0 = Release|Any CPU
		{A92EF75C-1853-4500-AEBC-2770DA2478CA}.Release|Mixed Platforms.ActiveCfg = Release|Any CPU
		{A92EF75C-1853-4500-AEBC-2770DA2478CA}.Release|Mixed Platforms.Build.0 = Release|Any CPU
		{F6890706-60DE-4FD5-834D-F4313CAAEBB1}.Debug|.NET.ActiveCfg = Debug|Any CPU
		{F6890706-60DE-4FD5-834D-F4313CAAEBB1}.Debug|Any CPU.ActiveCfg = Debug|Any CPU
		{F6890706-60DE-4FD5-834D-F4313CAAEBB1}.Debug|Any CPU.Build.0 = Debug|Any CPU
		{F6890706-60DE-4FD5-834D-F4313CAAEBB1}.Debug|Mixed Platforms.ActiveCfg = Debug|Any CPU
		{F6890706-60DE-4FD5-834D-F4313CAAEBB1}.Debug|Mixed Platforms.Build.0 = Debug|Any CPU
		{F6890706-60DE-4FD5-834D-F4313CAAEBB1}.Release|.NET.ActiveCfg = Release|Any CPU
		{F6890706-60DE-4FD5-834D-F4313CAAEBB1}.Release|Any CPU.ActiveCfg = Release|Any CPU
		{F6890706-60DE-4FD5-834D-F4313CAAEBB1}.Release|Any CPU.Build.0 = Release|Any CPU
		{F6890706-60DE-4FD5-834D-F4313CAAEBB1}.Release|Mixed Platforms.ActiveCfg = Release|Any CPU
		{F6890706-60DE-4FD5-834D-F4313CAAEBB1}.Release|Mixed Platforms.Build.0 = Release|Any CPU
		{E5CBBCD1-A264-427E-9A5D-261E1AA06F49}.Debug|.NET.ActiveCfg = Debug|Any CPU
		{E5CBBCD1-A264-427E-9A5D-261E1AA06F49}.Debug|Any CPU.ActiveCfg = Debug|Any CPU
		{E5CBBCD1-A264-427E-9A5D-261E1AA06F49}.Debug|Any CPU.Build.0 = Debug|Any CPU
		{E5CBBCD1-A264-427E-9A5D-261E1AA06F49}.Debug|Mixed Platforms.ActiveCfg = Debug|Any CPU
		{E5CBBCD1-A264-427E-9A5D-261E1AA06F49}.Debug|Mixed Platforms.Build.0 = Debug|Any CPU
		{E5CBBCD1-A264-427E-9A5D-261E1AA06F49}.Release|.NET.ActiveCfg = Release|Any CPU
		{E5CBBCD1-A264-427E-9A5D-261E1AA06F49}.Release|Any CPU.ActiveCfg = Release|Any CPU
		{E5CBBCD1-A264-427E-9A5D-261E1AA06F49}.Release|Any CPU.Build.0 = Release|Any CPU
		{E5CBBCD1-A264-427E-9A5D-261E1AA06F49}.Release|Mixed Platforms.ActiveCfg = Release|Any CPU
		{E5CBBCD1-A264-427E-9A5D-261E1AA06F49}.Release|Mixed Platforms.Build.0 = Release|Any CPU
		{94381724-9D98-4F4B-B69E-BAC4BAA66999}.Debug|.NET.ActiveCfg = Debug
		{94381724-9D98-4F4B-B69E-BAC4BAA66999}.Debug|.NET.Build.0 = Debug
		{94381724-9D98-4F4B-B69E-BAC4BAA66999}.Debug|Any CPU.ActiveCfg = Debug
		{94381724-9D98-4F4B-B69E-BAC4BAA66999}.Debug|Any CPU.Build.0 = Debug
		{94381724-9D98-4F4B-B69E-BAC4BAA66999}.Debug|Mixed Platforms.ActiveCfg = Debug
		{94381724-9D98-4F4B-B69E-BAC4BAA66999}.Debug|Mixed Platforms.Build.0 = Debug
		{94381724-9D98-4F4B-B69E-BAC4BAA66999}.Release|.NET.ActiveCfg = Release
		{94381724-9D98-4F4B-B69E-BAC4BAA66999}.Release|.NET.Build.0 = Release
		{94381724-9D98-4F4B-B69E-BAC4BAA66999}.Release|Any CPU.ActiveCfg = Release
		{94381724-9D98-4F4B-B69E-BAC4BAA66999}.Release|Any CPU.Build.0 = Release
		{94381724-9D98-4F4B-B69E-BAC4BAA66999}.Release|Mixed Platforms.ActiveCfg = Release
		{94381724-9D98-4F4B-B69E-BAC4BAA66999}.Release|Mixed Platforms.Build.0 = Release
		{82E5CCD5-7C49-48FD-997C-DF045D6E6A21}.Debug|.NET.ActiveCfg = Debug|Any CPU
		{82E5CCD5-7C49-48FD-997C-DF045D6E6A21}.Debug|Any CPU.ActiveCfg = Debug|Any CPU
		{82E5CCD5-7C49-48FD-997C-DF045D6E6A21}.Debug|Any CPU.Build.0 = Debug|Any CPU
		{82E5CCD5-7C49-48FD-997C-DF045D6E6A21}.Debug|Mixed Platforms.ActiveCfg = Debug|Any CPU
		{82E5CCD5-7C49-48FD-997C-DF045D6E6A21}.Debug|Mixed Platforms.Build.0 = Debug|Any CPU
		{82E5CCD5-7C49-48FD-997C-DF045D6E6A21}.Release|.NET.ActiveCfg = Release|Any CPU
		{82E5CCD5-7C49-48FD-997C-DF045D6E6A21}.Release|Any CPU.ActiveCfg = Release|Any CPU
		{82E5CCD5-7C49-48FD-997C-DF045D6E6A21}.Release|Any CPU.Build.0 = Release|Any CPU
		{82E5CCD5-7C49-48FD-997C-DF045D6E6A21}.Release|Mixed Platforms.ActiveCfg = Release|Any CPU
		{82E5CCD5-7C49-48FD-997C-DF045D6E6A21}.Release|Mixed Platforms.Build.0 = Release|Any CPU
	EndGlobalSection
	GlobalSection(SolutionProperties) = preSolution
		HideSolutionNode = FALSE
	EndGlobalSection
EndGlobal
